<?xml version="1.0" encoding="utf-8"?>
<Project ToolsVersion="4.0" xmlns="http://schemas.microsoft.com/developer/msbuild/2003">
  <ItemGroup>
    <Filter Include="Source Files">
      <UniqueIdentifier>{4FC737F1-C7A5-4376-A066-2A32D752A2FF}</UniqueIdentifier>
      <Extensions>cpp;c;cc;cxx;def;odl;idl;hpj;bat;asm;asmx</Extensions>
    </Filter>
    <Filter Include="Header Files">
      <UniqueIdentifier>{93995380-89BD-4b04-88EB-625FBE52EBFB}</UniqueIdentifier>
      <Extensions>h;hpp;hxx;hm;inl;inc;xsd</Extensions>
    </Filter>
    <Filter Include="Resource Files">
      <UniqueIdentifier>{67DA6AB6-F800-4c08-8B7A-83BB121AAD01}</UniqueIdentifier>
      <Extensions>rc;ico;cur;bmp;dlg;rc2;rct;bin;rgs;gif;jpg;jpeg;jpe;resx;tiff;tif;png;wav;mfcribbon-ms</Extensions>
    </Filter>
    <Filter Include="Source Files\Glm">
      <UniqueIdentifier>{321cae3b-9521-4976-ae0e-1415e82eb438}</UniqueIdentifier>
    </Filter>
    <Filter Include="Header Files\Angel">
      <UniqueIdentifier>{cbd2d1fb-49cb-4ab3-8162-59e47b77543d}</UniqueIdentifier>
    </Filter>
    <Filter Include="Header Files\Glm">
      <UniqueIdentifier>{e808a4a4-85f6-4bf4-abfc-722676681b42}</UniqueIdentifier>
    </Filter>
  </ItemGroup>
  <ItemGroup>
    <None Include="ReadMe.txt" />
    <None Include="..\..\..\..\..\..\Luckin%27\Documents\Visual Studio 2010\Projects\CS537-Assignments\Final-Village\carPro.f" />
    <None Include="..\..\..\..\..\..\Luckin%27\Documents\Visual Studio 2010\Projects\CS537-Assignments\Final-Village\carPro.v" />
    <None Include="..\..\..\..\..\..\Luckin%27\Documents\Visual Studio 2010\Projects\CS537-Assignments\Final-Village\arrayPro.f" />
    <None Include="..\..\..\..\..\..\Luckin%27\Documents\Visual Studio 2010\Projects\CS537-Assignments\Final-Village\cubeMap.f" />
    <None Include="..\..\..\..\..\..\Luckin%27\Documents\Visual Studio 2010\Projects\CS537-Assignments\Final-Village\glutPro.f" />
    <None Include="..\..\..\..\..\..\Luckin%27\Documents\Visual Studio 2010\Projects\CS537-Assignments\Final-Village\skyPro.f" />
    <None Include="..\..\..\..\..\..\Luckin%27\Documents\Visual Studio 2010\Projects\CS537-Assignments\Final-Village\arrayPro.v" />
    <None Include="..\..\..\..\..\..\Luckin%27\Documents\Visual Studio 2010\Projects\CS537-Assignments\Final-Village\cubeMap.v" />
    <None Include="..\..\..\..\..\..\Luckin%27\Documents\Visual Studio 2010\Projects\CS537-Assignments\Final-Village\glutPro.v" />
    <None Include="..\..\..\..\..\..\Luckin%27\Documents\Visual Studio 2010\Projects\CS537-Assignments\Final-Village\skyPro.v" />
  </ItemGroup>
  <ItemGroup>
    <ClInclude Include="stdafx.h">
      <Filter>Header Files</Filter>
    </ClInclude>
    <ClInclude Include="targetver.h">
      <Filter>Header Files</Filter>
    </ClInclude>
    <ClInclude Include="..\..\..\..\..\..\Luckin%27\Documents\Visual Studio 2010\Projects\CS537-Assignments\Final-Village\Angel.h">
      <Filter>Header Files\Angel</Filter>
    </ClInclude>
    <ClInclude Include="..\..\..\..\..\..\Luckin%27\Documents\Visual Studio 2010\Projects\CS537-Assignments\Final-Village\CheckError.h">
      <Filter>Header Files\Angel</Filter>
    </ClInclude>
    <ClInclude Include="..\..\..\..\..\..\Luckin%27\Documents\Visual Studio 2010\Projects\CS537-Assignments\Final-Village\mat.h">
      <Filter>Header Files\Angel</Filter>
    </ClInclude>
    <ClInclude Include="..\..\..\..\..\..\Luckin%27\Documents\Visual Studio 2010\Projects\CS537-Assignments\Final-Village\vec.h">
      <Filter>Header Files\Angel</Filter>
    </ClInclude>
    <ClInclude Include="..\..\..\..\..\..\Luckin%27\Documents\Visual Studio 2010\Projects\CS537-Assignments\Final-Village\glm.h">
      <Filter>Header Files\Glm</Filter>
    </ClInclude>
    <ClInclude Include="..\..\..\..\..\..\Luckin%27\Documents\Visual Studio 2010\Projects\CS537-Assignments\Final-Village\Models.h">
      <Filter>Header Files</Filter>
    </ClInclude>
    <ClInclude Include="..\..\..\..\..\..\Luckin%27\Documents\Visual Studio 2010\Projects\CS537-Assignments\Final-Village\myCamera.h">
      <Filter>Header Files</Filter>
    </ClInclude>
    <ClInclude Include="..\..\..\..\..\..\Luckin%27\Documents\Visual Studio 2010\Projects\CS537-Assignments\Final-Village\Light.h">
      <Filter>Header Files</Filter>
    </ClInclude>
    <ClInclude Include="..\..\..\..\..\..\Luckin%27\Documents\Visual Studio 2010\Projects\CS537-Assignments\Final-Village\Skybox.h">
      <Filter>Header Files</Filter>
    </ClInclude>
    <ClInclude Include="..\..\..\..\..\..\Luckin%27\Documents\Visual Studio 2010\Projects\CS537-Assignments\Final-Village\World.h">
      <Filter>Header Files</Filter>
    </ClInclude>
    <ClInclude Include="..\..\..\..\..\..\Luckin%27\Documents\Visual Studio 2010\Projects\CS537-Assignments\Final-Village\Controls.h">
      <Filter>Header Files</Filter>
    </ClInclude>
    <ClInclude Include="..\..\..\..\..\..\Luckin%27\Documents\Visual Studio 2010\Projects\CS537-Assignments\Final-Village\SphereModel.h">
      <Filter>Header Files</Filter>
    </ClInclude>
  </ItemGroup>
  <ItemGroup>
    <ClCompile Include="stdafx.cpp">
      <Filter>Source Files</Filter>
    </ClCompile>
    <ClCompile Include="Final-Village.cpp">
      <Filter>Source Files</Filter>
    </ClCompile>
    <ClCompile Include="..\..\..\..\..\..\Luckin%27\Documents\Visual Studio 2010\Projects\CS537-Assignments\Final-Village\glm.cpp">
      <Filter>Source Files\Glm</Filter>
    </ClCompile>
    <ClCompile Include="..\..\..\..\..\..\Luckin%27\Documents\Visual Studio 2010\Projects\CS537-Assignments\Final-Village\InitShader.cpp">
      <Filter>Source Files</Filter>
    </ClCompile>
    <ClCompile Include="..\..\..\..\..\..\Luckin%27\Documents\Visual Studio 2010\Projects\CS537-Assignments\Final-Village\Models.cpp">
      <Filter>Source Files</Filter>
    </ClCompile>
    <ClCompile Include="..\..\..\..\..\..\Luckin%27\Documents\Visual Studio 2010\Projects\CS537-Assignments\Final-Village\myCamera.cpp">
      <Filter>Source Files</Filter>
    </ClCompile>
    <ClCompile Include="..\..\..\..\..\..\Luckin%27\Documents\Visual Studio 2010\Projects\CS537-Assignments\Final-Village\Skybox.cpp">
      <Filter>Source Files</Filter>
    </ClCompile>
    <ClCompile Include="..\..\..\..\..\..\Luckin%27\Documents\Visual Studio 2010\Projects\CS537-Assignments\Final-Village\World.cpp">
      <Filter>Source Files</Filter>
    </ClCompile>
    <ClCompile Include="..\..\..\..\..\..\Luckin%27\Documents\Visual Studio 2010\Projects\CS537-Assignments\Final-Village\Controls.cpp">
      <Filter>Source Files</Filter>
    </ClCompile>
    <ClCompile Include="..\..\..\..\..\..\Luckin%27\Documents\Visual Studio 2010\Projects\CS537-Assignments\Final-Village\SphereModel.cpp">
      <Filter>Source Files</Filter>
    </ClCompile>
  </ItemGroup>
</Project>